
Microsoft Visual Studio Solution File, Format Version 12.00
# Visual Studio Version 17
VisualStudioVersion = 17.11.35327.3
MinimumVisualStudioVersion = 10.0.40219.1
Project("{FAE04EC0-301F-11D3-BF4B-00C04F79EFBC}") = "VideoConverter", "VideoConverter.csproj", "{76861EFB-C117-4A41-B6CE-E3A766CD2443}"
EndProject
Global
	GlobalSection(SolutionConfigurationPlatforms) = preSolution
		Debug|Any CPU = Debug|Any CPU
		Release|Any CPU = Release|Any CPU
	EndGlobalSection
	GlobalSection(ProjectConfigurationPlatforms) = postSolution
		{76861EFB-C117-4A41-B6CE-E3A766CD2443}.Debug|Any CPU.ActiveCfg = Debug|Any CPU
		{76861EFB-C117-4A41-B6CE-E3A766CD2443}.Debug|Any CPU.Build.0 = Debug|Any CPU
		{76861EFB-C117-4A41-B6CE-E3A766CD2443}.Release|Any CPU.ActiveCfg = Release|Any CPU
		{76861EFB-C117-4A41-B6CE-E3A766CD2443}.Release|Any CPU.Build.0 = Release|Any CPU
	EndGlobalSection
	GlobalSection(SolutionProperties) = preSolution
		HideSolutionNode = FALSE
	EndGlobalSection
	GlobalSection(ExtensibilityGlobals) = postSolution
		SolutionGuid = {243DC03C-C4EC-410B-B03A-637348A74529}
	EndGlobalSection
EndGlobal
